
Microsoft Visual Studio Solution File, Format Version 11.00
# Visual Studio 2010
Project("{F184B08F-C81C-45F6-A57F-5ABD9991F28F}") = "SAPDAL", "SAPDAL.vbproj", "{465CEF83-F14D-4783-8917-1A9B5ED8EDD5}"
EndProject
Global
	GlobalSection(TeamFoundationVersionControl) = preSolution
		SccNumberOfProjects = 2
		SccEnterpriseProvider = {4CA58AB2-18FA-4F8D-95D4-32DDF27D184C}
		SccTeamFoundationServer = http://wspdtfs:8080/tfs/myadvantechcollection
		SccLocalPath0 = .
		SccProjectUniqueName1 = SAPDAL.vbproj
		SccLocalPath1 = .
	EndGlobalSection
	GlobalSection(SolutionConfigurationPlatforms) = preSolution
		Debug|Any CPU = Debug|Any CPU
		Release|Any CPU = Release|Any CPU
	EndGlobalSection
	GlobalSection(ProjectConfigurationPlatforms) = postSolution
		{465CEF83-F14D-4783-8917-1A9B5ED8EDD5}.Debug|Any CPU.ActiveCfg = Debug|Any CPU
		{465CEF83-F14D-4783-8917-1A9B5ED8EDD5}.Debug|Any CPU.Build.0 = Debug|Any CPU
		{465CEF83-F14D-4783-8917-1A9B5ED8EDD5}.Release|Any CPU.ActiveCfg = Release|Any CPU
		{465CEF83-F14D-4783-8917-1A9B5ED8EDD5}.Release|Any CPU.Build.0 = Release|Any CPU
	EndGlobalSection
	GlobalSection(SolutionProperties) = preSolution
		HideSolutionNode = FALSE
	EndGlobalSection
EndGlobal
